
Microsoft Visual Studio Solution File, Format Version 12.00
# Visual Studio Version 17
VisualStudioVersion = 17.9.34728.123
MinimumVisualStudioVersion = 10.0.40219.1
Project("{9A19103F-16F7-4668-BE54-9A1E7A4F7556}") = "GENERADOR_QR", "GENERADOR_QR\GENERADOR_QR.csproj", "{91E2DA8E-53D1-4AB6-8D76-5651C2103FDF}"
EndProject
Global
	GlobalSection(SolutionConfigurationPlatforms) = preSolution
		Debug|Any CPU = Debug|Any CPU
		Release|Any CPU = Release|Any CPU
	EndGlobalSection
	GlobalSection(ProjectConfigurationPlatforms) = postSolution
		{91E2DA8E-53D1-4AB6-8D76-5651C2103FDF}.Debug|Any CPU.ActiveCfg = Debug|Any CPU
		{91E2DA8E-53D1-4AB6-8D76-5651C2103FDF}.Debug|Any CPU.Build.0 = Debug|Any CPU
		{91E2DA8E-53D1-4AB6-8D76-5651C2103FDF}.Release|Any CPU.ActiveCfg = Release|Any CPU
		{91E2DA8E-53D1-4AB6-8D76-5651C2103FDF}.Release|Any CPU.Build.0 = Release|Any CPU
	EndGlobalSection
	GlobalSection(SolutionProperties) = preSolution
		HideSolutionNode = FALSE
	EndGlobalSection
	GlobalSection(ExtensibilityGlobals) = postSolution
		SolutionGuid = {C0AB5D18-6DB1-4FAC-AFB9-06DA7C45D707}
	EndGlobalSection
EndGlobal
